
Microsoft Visual Studio Solution File, Format Version 12.00
Project("{FAE04EC0-301F-11D3-BF4B-00C04F79EFBC}") = "QRCodeGen", "QRCodeGen\QRCodeGen.csproj", "{A269D5D2-6D46-4D17-92D4-1EC78853DDF8}"
EndProject
Project("{2150E333-8FDC-42A3-9474-1A3956D46DE8}") = "FE", "FE", "{6F8B422F-D5FF-4837-912D-7848F7109DBB}"
EndProject
Global
	GlobalSection(SolutionConfigurationPlatforms) = preSolution
		Debug|Any CPU = Debug|Any CPU
		Release|Any CPU = Release|Any CPU
	EndGlobalSection
	GlobalSection(ProjectConfigurationPlatforms) = postSolution
		{A269D5D2-6D46-4D17-92D4-1EC78853DDF8}.Debug|Any CPU.ActiveCfg = Debug|Any CPU
		{A269D5D2-6D46-4D17-92D4-1EC78853DDF8}.Debug|Any CPU.Build.0 = Debug|Any CPU
		{A269D5D2-6D46-4D17-92D4-1EC78853DDF8}.Release|Any CPU.ActiveCfg = Release|Any CPU
		{A269D5D2-6D46-4D17-92D4-1EC78853DDF8}.Release|Any CPU.Build.0 = Release|Any CPU
	EndGlobalSection
EndGlobal
